
Microsoft Visual Studio Solution File, Format Version 11.00
# Visual Studio 2010
Project("{F184B08F-C81C-45F6-A57F-5ABD9991F28F}") = "Management_Football", "Management_Football\Management_Football.vbproj", "{EBFAD399-0A9C-4EBF-8382-420B13374082}"
EndProject
Project("{F184B08F-C81C-45F6-A57F-5ABD9991F28F}") = "DTO", "DTO\DTO.vbproj", "{A1D89D14-3378-42DF-860A-51BFDF4D3C7D}"
EndProject
Project("{F184B08F-C81C-45F6-A57F-5ABD9991F28F}") = "DAO", "DAO\DAO.vbproj", "{AB237D8E-A10B-4905-806D-6674357656FB}"
EndProject
Project("{F184B08F-C81C-45F6-A57F-5ABD9991F28F}") = "BUS", "BUS\BUS.vbproj", "{784FC474-3A8E-486B-8C45-3E572ED1EF4A}"
EndProject
Global
	GlobalSection(SolutionConfigurationPlatforms) = preSolution
		Debug|Any CPU = Debug|Any CPU
		Debug|Mixed Platforms = Debug|Mixed Platforms
		Debug|x86 = Debug|x86
		Release|Any CPU = Release|Any CPU
		Release|Mixed Platforms = Release|Mixed Platforms
		Release|x86 = Release|x86
	EndGlobalSection
	GlobalSection(ProjectConfigurationPlatforms) = postSolution
		{EBFAD399-0A9C-4EBF-8382-420B13374082}.Debug|Any CPU.ActiveCfg = Debug|x86
		{EBFAD399-0A9C-4EBF-8382-420B13374082}.Debug|Mixed Platforms.ActiveCfg = Debug|x86
		{EBFAD399-0A9C-4EBF-8382-420B13374082}.Debug|Mixed Platforms.Build.0 = Debug|x86
		{EBFAD399-0A9C-4EBF-8382-420B13374082}.Debug|x86.ActiveCfg = Debug|x86
		{EBFAD399-0A9C-4EBF-8382-420B13374082}.Debug|x86.Build.0 = Debug|x86
		{EBFAD399-0A9C-4EBF-8382-420B13374082}.Release|Any CPU.ActiveCfg = Release|x86
		{EBFAD399-0A9C-4EBF-8382-420B13374082}.Release|Mixed Platforms.ActiveCfg = Release|x86
		{EBFAD399-0A9C-4EBF-8382-420B13374082}.Release|Mixed Platforms.Build.0 = Release|x86
		{EBFAD399-0A9C-4EBF-8382-420B13374082}.Release|x86.ActiveCfg = Release|x86
		{EBFAD399-0A9C-4EBF-8382-420B13374082}.Release|x86.Build.0 = Release|x86
		{A1D89D14-3378-42DF-860A-51BFDF4D3C7D}.Debug|Any CPU.ActiveCfg = Debug|Any CPU
		{A1D89D14-3378-42DF-860A-51BFDF4D3C7D}.Debug|Any CPU.Build.0 = Debug|Any CPU
		{A1D89D14-3378-42DF-860A-51BFDF4D3C7D}.Debug|Mixed Platforms.ActiveCfg = Debug|Any CPU
		{A1D89D14-3378-42DF-860A-51BFDF4D3C7D}.Debug|x86.ActiveCfg = Debug|Any CPU
		{A1D89D14-3378-42DF-860A-51BFDF4D3C7D}.Release|Any CPU.ActiveCfg = Release|Any CPU
		{A1D89D14-3378-42DF-860A-51BFDF4D3C7D}.Release|Any CPU.Build.0 = Release|Any CPU
		{A1D89D14-3378-42DF-860A-51BFDF4D3C7D}.Release|Mixed Platforms.ActiveCfg = Release|Any CPU
		{A1D89D14-3378-42DF-860A-51BFDF4D3C7D}.Release|Mixed Platforms.Build.0 = Release|Any CPU
		{A1D89D14-3378-42DF-860A-51BFDF4D3C7D}.Release|x86.ActiveCfg = Release|Any CPU
		{AB237D8E-A10B-4905-806D-6674357656FB}.Debug|Any CPU.ActiveCfg = Debug|Any CPU
		{AB237D8E-A10B-4905-806D-6674357656FB}.Debug|Any CPU.Build.0 = Debug|Any CPU
		{AB237D8E-A10B-4905-806D-6674357656FB}.Debug|Mixed Platforms.ActiveCfg = Debug|Any CPU
		{AB237D8E-A10B-4905-806D-6674357656FB}.Debug|x86.ActiveCfg = Debug|Any CPU
		{AB237D8E-A10B-4905-806D-6674357656FB}.Release|Any CPU.ActiveCfg = Release|Any CPU
		{AB237D8E-A10B-4905-806D-6674357656FB}.Release|Any CPU.Build.0 = Release|Any CPU
		{AB237D8E-A10B-4905-806D-6674357656FB}.Release|Mixed Platforms.ActiveCfg = Release|Any CPU
		{AB237D8E-A10B-4905-806D-6674357656FB}.Release|Mixed Platforms.Build.0 = Release|Any CPU
		{AB237D8E-A10B-4905-806D-6674357656FB}.Release|x86.ActiveCfg = Release|Any CPU
		{784FC474-3A8E-486B-8C45-3E572ED1EF4A}.Debug|Any CPU.ActiveCfg = Debug|Any CPU
		{784FC474-3A8E-486B-8C45-3E572ED1EF4A}.Debug|Any CPU.Build.0 = Debug|Any CPU
		{784FC474-3A8E-486B-8C45-3E572ED1EF4A}.Debug|Mixed Platforms.ActiveCfg = Debug|Any CPU
		{784FC474-3A8E-486B-8C45-3E572ED1EF4A}.Debug|x86.ActiveCfg = Debug|Any CPU
		{784FC474-3A8E-486B-8C45-3E572ED1EF4A}.Release|Any CPU.ActiveCfg = Release|Any CPU
		{784FC474-3A8E-486B-8C45-3E572ED1EF4A}.Release|Any CPU.Build.0 = Release|Any CPU
		{784FC474-3A8E-486B-8C45-3E572ED1EF4A}.Release|Mixed Platforms.ActiveCfg = Release|Any CPU
		{784FC474-3A8E-486B-8C45-3E572ED1EF4A}.Release|Mixed Platforms.Build.0 = Release|Any CPU
		{784FC474-3A8E-486B-8C45-3E572ED1EF4A}.Release|x86.ActiveCfg = Release|Any CPU
	EndGlobalSection
	GlobalSection(SolutionProperties) = preSolution
		HideSolutionNode = FALSE
	EndGlobalSection
EndGlobal
